<?xml version="1.0" encoding="UTF-8" standalone="yes" ?>
<CodeBlocks_project_file>
	<FileVersion major="1" minor="6" />
	<Project>
		<Option title="BaseProject" />
		<Option pch_mode="2" />
		<Option compiler="gcc" />
		<Build>
			<Target title="Debug">
				<Option output="bin/Debug/threads" prefix_auto="1" extension_auto="1" />
				<Option object_output="obj/Debug/" />
				<Option type="1" />
				<Option compiler="gcc" />
				<Compiler>
					<Add option="-g" />
				</Compiler>
				<Linker>
					<Add library="/usr/lib/libboost_date_time.a" />
					<Add library="/usr/lib/libboost_date_time.so" />
					<Add library="/usr/lib/libboost_date_time-mt.a" />
					<Add library="/usr/lib/libboost_date_time-mt.so" />
					<Add library="/usr/lib/libboost_serialization.a" />
					<Add library="/usr/lib/libboost_serialization.so" />
					<Add library="/usr/lib/libboost_serialization-mt.a" />
					<Add library="/usr/lib/libboost_serialization-mt.so" />
					<Add library="/usr/lib/libboost_thread.a" />
					<Add library="/usr/lib/libboost_thread.so" />
					<Add library="/usr/lib/libboost_thread-mt.a" />
					<Add library="/usr/lib/libboost_thread-mt.so" />
					<Add library="/usr/lib/libboost_wserialization.a" />
					<Add library="/usr/lib/libboost_wserialization.so" />
					<Add library="/usr/lib/libboost_wserialization-mt.a" />
					<Add library="/usr/lib/libboost_wserialization-mt.so" />
					<Add library="pthread" />
				</Linker>
			</Target>
			<Target title="Release">
				<Option output="bin/Release/threads" prefix_auto="1" extension_auto="1" />
				<Option object_output="obj/Release/" />
				<Option type="1" />
				<Option compiler="gcc" />
				<Compiler>
					<Add option="-O2" />
				</Compiler>
				<Linker>
					<Add option="-s" />
				</Linker>
			</Target>
		</Build>
		<Compiler>
			<Add option="-Wall" />
			<Add option="-fexceptions" />
		</Compiler>
		<Unit filename="klasy.hpp" />
		<Unit filename="main.cpp" />
		<Extensions>
			<code_completion />
			<debugger />
		</Extensions>
	</Project>
</CodeBlocks_project_file>
